
Microsoft Visual Studio Solution File, Format Version 12.00
# Visual Studio Version 17
VisualStudioVersion = 17.0.32112.339
MinimumVisualStudioVersion = 10.0.40219.1
Project("{2150E333-8FDC-42A3-9474-1A3956D46DE8}") = "src", "src", "{61318679-1B35-40B0-9D8B-5E5E04AD0286}"
EndProject
Project("{2150E333-8FDC-42A3-9474-1A3956D46DE8}") = "Bootstrapper", "Bootstrapper", "{CF26537E-ED92-4234-A70C-E3684BEA828E}"
EndProject
Project("{FAE04EC0-301F-11D3-BF4B-00C04F79EFBC}") = "CourseLibrary.Bootstrapper", "src\Bootstrapper\CourseLibrary.Bootstrapper\CourseLibrary.Bootstrapper.csproj", "{4B2DADFA-FB25-47AC-A078-AEC669114A13}"
EndProject
Project("{2150E333-8FDC-42A3-9474-1A3956D46DE8}") = "Modules", "Modules", "{9816DF1D-9BD3-43B5-9BDB-FE61014D7900}"
EndProject
Project("{2150E333-8FDC-42A3-9474-1A3956D46DE8}") = "Courses", "Courses", "{E22D37EF-2C3C-4904-9147-2B3373E07D36}"
EndProject
Project("{FAE04EC0-301F-11D3-BF4B-00C04F79EFBC}") = "CourseLibrary.Modules.Courses.Api", "src\Modules\Courses\CourseLibrary.Modules.Courses.Api\CourseLibrary.Modules.Courses.Api.csproj", "{D2462752-73EB-4F93-9235-76C62146B89D}"
EndProject
Project("{FAE04EC0-301F-11D3-BF4B-00C04F79EFBC}") = "CourseLibrary.Modules.Courses.Application", "src\Modules\Courses\CourseLibrary.Modules.Courses.Application\CourseLibrary.Modules.Courses.Application.csproj", "{B76A13AA-347B-40FE-949F-1ED0415C1664}"
EndProject
Project("{FAE04EC0-301F-11D3-BF4B-00C04F79EFBC}") = "CourseLibrary.Modules.Courses.Domain", "src\Modules\Courses\CourseLibrary.Modules.Courses.Domain\CourseLibrary.Modules.Courses.Domain.csproj", "{24B83BF1-AC86-4EE6-A1DC-674D8626EC2A}"
EndProject
Project("{FAE04EC0-301F-11D3-BF4B-00C04F79EFBC}") = "CourseLibrary.Modules.Courses.Infrastructure", "src\Modules\Courses\CourseLibrary.Modules.Courses.Infrastructure\CourseLibrary.Modules.Courses.Infrastructure.csproj", "{6B4FB256-A6B8-41D5-87E6-59CB92662FD3}"
EndProject
Project("{2150E333-8FDC-42A3-9474-1A3956D46DE8}") = "Notifications", "Notifications", "{76354C9D-65A4-4220-8636-AB9D26611A22}"
EndProject
Project("{FAE04EC0-301F-11D3-BF4B-00C04F79EFBC}") = "CourseLibrary.Modules.Notifications.Api", "src\Modules\Notifications\CourseLibrary.Modules.Notifications.Api\CourseLibrary.Modules.Notifications.Api.csproj", "{FD69C3F1-E3A0-4805-AC16-F08E82519624}"
EndProject
Project("{2150E333-8FDC-42A3-9474-1A3956D46DE8}") = "Users", "Users", "{5889DA86-76E8-41EA-87BE-B76C322904CE}"
EndProject
Project("{FAE04EC0-301F-11D3-BF4B-00C04F79EFBC}") = "CourseLibrary.Modules.Users.Api", "src\Modules\Users\CourseLibrary.Modules.Users.Api\CourseLibrary.Modules.Users.Api.csproj", "{C1FD33AA-ABD0-492F-A132-3DCDC605643A}"
EndProject
Project("{FAE04EC0-301F-11D3-BF4B-00C04F79EFBC}") = "CourseLibrary.Modules.Users.Core", "src\Modules\Users\CourseLibrary.Modules.Users.Core\CourseLibrary.Modules.Users.Core.csproj", "{3881A5C4-8C58-4A6B-8199-687521A9F504}"
EndProject
Project("{2150E333-8FDC-42A3-9474-1A3956D46DE8}") = "Shared", "Shared", "{4F5A9350-6514-4C78-96FA-D9646AB2AE89}"
EndProject
Project("{FAE04EC0-301F-11D3-BF4B-00C04F79EFBC}") = "CourseLibrary.Shared.Abstractions", "src\Shared\CourseLibrary.Shared.Abstractions\CourseLibrary.Shared.Abstractions.csproj", "{2673EBAD-0237-4084-AAED-54DE26103350}"
EndProject
Project("{FAE04EC0-301F-11D3-BF4B-00C04F79EFBC}") = "CourseLibrary.Shared.Infrastructure", "src\Shared\CourseLibrary.Shared.Infrastructure\CourseLibrary.Shared.Infrastructure.csproj", "{D635E1E2-0118-4FD1-93E5-71D0607EAEFE}"
EndProject
Project("{2150E333-8FDC-42A3-9474-1A3956D46DE8}") = "Students", "Students", "{16EC6433-13A0-4545-B0E6-F09D17ED095D}"
EndProject
Project("{FAE04EC0-301F-11D3-BF4B-00C04F79EFBC}") = "CourseLibrary.Modules.Students.Api", "src\Modules\Students\CourseLibrary.Modules.Students.Api\CourseLibrary.Modules.Students.Api.csproj", "{823632E2-CEFE-409C-8F75-E98C644E86AC}"
EndProject
Project("{FAE04EC0-301F-11D3-BF4B-00C04F79EFBC}") = "CourseLibrary.Modules.Students.Core", "src\Modules\Students\CourseLibrary.Modules.Students.Core\CourseLibrary.Modules.Students.Core.csproj", "{B3CA9686-773B-4A22-BAF1-895B84B47857}"
EndProject
Global
	GlobalSection(SolutionConfigurationPlatforms) = preSolution
		Debug|Any CPU = Debug|Any CPU
		Debug|x64 = Debug|x64
		Debug|x86 = Debug|x86
		Release|Any CPU = Release|Any CPU
		Release|x64 = Release|x64
		Release|x86 = Release|x86
	EndGlobalSection
	GlobalSection(ProjectConfigurationPlatforms) = postSolution
		{4B2DADFA-FB25-47AC-A078-AEC669114A13}.Debug|Any CPU.ActiveCfg = Debug|Any CPU
		{4B2DADFA-FB25-47AC-A078-AEC669114A13}.Debug|Any CPU.Build.0 = Debug|Any CPU
		{4B2DADFA-FB25-47AC-A078-AEC669114A13}.Debug|x64.ActiveCfg = Debug|Any CPU
		{4B2DADFA-FB25-47AC-A078-AEC669114A13}.Debug|x64.Build.0 = Debug|Any CPU
		{4B2DADFA-FB25-47AC-A078-AEC669114A13}.Debug|x86.ActiveCfg = Debug|Any CPU
		{4B2DADFA-FB25-47AC-A078-AEC669114A13}.Debug|x86.Build.0 = Debug|Any CPU
		{4B2DADFA-FB25-47AC-A078-AEC669114A13}.Release|Any CPU.ActiveCfg = Release|Any CPU
		{4B2DADFA-FB25-47AC-A078-AEC669114A13}.Release|Any CPU.Build.0 = Release|Any CPU
		{4B2DADFA-FB25-47AC-A078-AEC669114A13}.Release|x64.ActiveCfg = Release|Any CPU
		{4B2DADFA-FB25-47AC-A078-AEC669114A13}.Release|x64.Build.0 = Release|Any CPU
		{4B2DADFA-FB25-47AC-A078-AEC669114A13}.Release|x86.ActiveCfg = Release|Any CPU
		{4B2DADFA-FB25-47AC-A078-AEC669114A13}.Release|x86.Build.0 = Release|Any CPU
		{D2462752-73EB-4F93-9235-76C62146B89D}.Debug|Any CPU.ActiveCfg = Debug|Any CPU
		{D2462752-73EB-4F93-9235-76C62146B89D}.Debug|Any CPU.Build.0 = Debug|Any CPU
		{D2462752-73EB-4F93-9235-76C62146B89D}.Debug|x64.ActiveCfg = Debug|Any CPU
		{D2462752-73EB-4F93-9235-76C62146B89D}.Debug|x64.Build.0 = Debug|Any CPU
		{D2462752-73EB-4F93-9235-76C62146B89D}.Debug|x86.ActiveCfg = Debug|Any CPU
		{D2462752-73EB-4F93-9235-76C62146B89D}.Debug|x86.Build.0 = Debug|Any CPU
		{D2462752-73EB-4F93-9235-76C62146B89D}.Release|Any CPU.ActiveCfg = Release|Any CPU
		{D2462752-73EB-4F93-9235-76C62146B89D}.Release|Any CPU.Build.0 = Release|Any CPU
		{D2462752-73EB-4F93-9235-76C62146B89D}.Release|x64.ActiveCfg = Release|Any CPU
		{D2462752-73EB-4F93-9235-76C62146B89D}.Release|x64.Build.0 = Release|Any CPU
		{D2462752-73EB-4F93-9235-76C62146B89D}.Release|x86.ActiveCfg = Release|Any CPU
		{D2462752-73EB-4F93-9235-76C62146B89D}.Release|x86.Build.0 = Release|Any CPU
		{B76A13AA-347B-40FE-949F-1ED0415C1664}.Debug|Any CPU.ActiveCfg = Debug|Any CPU
		{B76A13AA-347B-40FE-949F-1ED0415C1664}.Debug|Any CPU.Build.0 = Debug|Any CPU
		{B76A13AA-347B-40FE-949F-1ED0415C1664}.Debug|x64.ActiveCfg = Debug|Any CPU
		{B76A13AA-347B-40FE-949F-1ED0415C1664}.Debug|x64.Build.0 = Debug|Any CPU
		{B76A13AA-347B-40FE-949F-1ED0415C1664}.Debug|x86.ActiveCfg = Debug|Any CPU
		{B76A13AA-347B-40FE-949F-1ED0415C1664}.Debug|x86.Build.0 = Debug|Any CPU
		{B76A13AA-347B-40FE-949F-1ED0415C1664}.Release|Any CPU.ActiveCfg = Release|Any CPU
		{B76A13AA-347B-40FE-949F-1ED0415C1664}.Release|Any CPU.Build.0 = Release|Any CPU
		{B76A13AA-347B-40FE-949F-1ED0415C1664}.Release|x64.ActiveCfg = Release|Any CPU
		{B76A13AA-347B-40FE-949F-1ED0415C1664}.Release|x64.Build.0 = Release|Any CPU
		{B76A13AA-347B-40FE-949F-1ED0415C1664}.Release|x86.ActiveCfg = Release|Any CPU
		{B76A13AA-347B-40FE-949F-1ED0415C1664}.Release|x86.Build.0 = Release|Any CPU
		{24B83BF1-AC86-4EE6-A1DC-674D8626EC2A}.Debug|Any CPU.ActiveCfg = Debug|Any CPU
		{24B83BF1-AC86-4EE6-A1DC-674D8626EC2A}.Debug|Any CPU.Build.0 = Debug|Any CPU
		{24B83BF1-AC86-4EE6-A1DC-674D8626EC2A}.Debug|x64.ActiveCfg = Debug|Any CPU
		{24B83BF1-AC86-4EE6-A1DC-674D8626EC2A}.Debug|x64.Build.0 = Debug|Any CPU
		{24B83BF1-AC86-4EE6-A1DC-674D8626EC2A}.Debug|x86.ActiveCfg = Debug|Any CPU
		{24B83BF1-AC86-4EE6-A1DC-674D8626EC2A}.Debug|x86.Build.0 = Debug|Any CPU
		{24B83BF1-AC86-4EE6-A1DC-674D8626EC2A}.Release|Any CPU.ActiveCfg = Release|Any CPU
		{24B83BF1-AC86-4EE6-A1DC-674D8626EC2A}.Release|Any CPU.Build.0 = Release|Any CPU
		{24B83BF1-AC86-4EE6-A1DC-674D8626EC2A}.Release|x64.ActiveCfg = Release|Any CPU
		{24B83BF1-AC86-4EE6-A1DC-674D8626EC2A}.Release|x64.Build.0 = Release|Any CPU
		{24B83BF1-AC86-4EE6-A1DC-674D8626EC2A}.Release|x86.ActiveCfg = Release|Any CPU
		{24B83BF1-AC86-4EE6-A1DC-674D8626EC2A}.Release|x86.Build.0 = Release|Any CPU
		{6B4FB256-A6B8-41D5-87E6-59CB92662FD3}.Debug|Any CPU.ActiveCfg = Debug|Any CPU
		{6B4FB256-A6B8-41D5-87E6-59CB92662FD3}.Debug|Any CPU.Build.0 = Debug|Any CPU
		{6B4FB256-A6B8-41D5-87E6-59CB92662FD3}.Debug|x64.ActiveCfg = Debug|Any CPU
		{6B4FB256-A6B8-41D5-87E6-59CB92662FD3}.Debug|x64.Build.0 = Debug|Any CPU
		{6B4FB256-A6B8-41D5-87E6-59CB92662FD3}.Debug|x86.ActiveCfg = Debug|Any CPU
		{6B4FB256-A6B8-41D5-87E6-59CB92662FD3}.Debug|x86.Build.0 = Debug|Any CPU
		{6B4FB256-A6B8-41D5-87E6-59CB92662FD3}.Release|Any CPU.ActiveCfg = Release|Any CPU
		{6B4FB256-A6B8-41D5-87E6-59CB92662FD3}.Release|Any CPU.Build.0 = Release|Any CPU
		{6B4FB256-A6B8-41D5-87E6-59CB92662FD3}.Release|x64.ActiveCfg = Release|Any CPU
		{6B4FB256-A6B8-41D5-87E6-59CB92662FD3}.Release|x64.Build.0 = Release|Any CPU
		{6B4FB256-A6B8-41D5-87E6-59CB92662FD3}.Release|x86.ActiveCfg = Release|Any CPU
		{6B4FB256-A6B8-41D5-87E6-59CB92662FD3}.Release|x86.Build.0 = Release|Any CPU
		{FD69C3F1-E3A0-4805-AC16-F08E82519624}.Debug|Any CPU.ActiveCfg = Debug|Any CPU
		{FD69C3F1-E3A0-4805-AC16-F08E82519624}.Debug|Any CPU.Build.0 = Debug|Any CPU
		{FD69C3F1-E3A0-4805-AC16-F08E82519624}.Debug|x64.ActiveCfg = Debug|Any CPU
		{FD69C3F1-E3A0-4805-AC16-F08E82519624}.Debug|x64.Build.0 = Debug|Any CPU
		{FD69C3F1-E3A0-4805-AC16-F08E82519624}.Debug|x86.ActiveCfg = Debug|Any CPU
		{FD69C3F1-E3A0-4805-AC16-F08E82519624}.Debug|x86.Build.0 = Debug|Any CPU
		{FD69C3F1-E3A0-4805-AC16-F08E82519624}.Release|Any CPU.ActiveCfg = Release|Any CPU
		{FD69C3F1-E3A0-4805-AC16-F08E82519624}.Release|Any CPU.Build.0 = Release|Any CPU
		{FD69C3F1-E3A0-4805-AC16-F08E82519624}.Release|x64.ActiveCfg = Release|Any CPU
		{FD69C3F1-E3A0-4805-AC16-F08E82519624}.Release|x64.Build.0 = Release|Any CPU
		{FD69C3F1-E3A0-4805-AC16-F08E82519624}.Release|x86.ActiveCfg = Release|Any CPU
		{FD69C3F1-E3A0-4805-AC16-F08E82519624}.Release|x86.Build.0 = Release|Any CPU
		{C1FD33AA-ABD0-492F-A132-3DCDC605643A}.Debug|Any CPU.ActiveCfg = Debug|Any CPU
		{C1FD33AA-ABD0-492F-A132-3DCDC605643A}.Debug|Any CPU.Build.0 = Debug|Any CPU
		{C1FD33AA-ABD0-492F-A132-3DCDC605643A}.Debug|x64.ActiveCfg = Debug|Any CPU
		{C1FD33AA-ABD0-492F-A132-3DCDC605643A}.Debug|x64.Build.0 = Debug|Any CPU
		{C1FD33AA-ABD0-492F-A132-3DCDC605643A}.Debug|x86.ActiveCfg = Debug|Any CPU
		{C1FD33AA-ABD0-492F-A132-3DCDC605643A}.Debug|x86.Build.0 = Debug|Any CPU
		{C1FD33AA-ABD0-492F-A132-3DCDC605643A}.Release|Any CPU.ActiveCfg = Release|Any CPU
		{C1FD33AA-ABD0-492F-A132-3DCDC605643A}.Release|Any CPU.Build.0 = Release|Any CPU
		{C1FD33AA-ABD0-492F-A132-3DCDC605643A}.Release|x64.ActiveCfg = Release|Any CPU
		{C1FD33AA-ABD0-492F-A132-3DCDC605643A}.Release|x64.Build.0 = Release|Any CPU
		{C1FD33AA-ABD0-492F-A132-3DCDC605643A}.Release|x86.ActiveCfg = Release|Any CPU
		{C1FD33AA-ABD0-492F-A132-3DCDC605643A}.Release|x86.Build.0 = Release|Any CPU
		{3881A5C4-8C58-4A6B-8199-687521A9F504}.Debug|Any CPU.ActiveCfg = Debug|Any CPU
		{3881A5C4-8C58-4A6B-8199-687521A9F504}.Debug|Any CPU.Build.0 = Debug|Any CPU
		{3881A5C4-8C58-4A6B-8199-687521A9F504}.Debug|x64.ActiveCfg = Debug|Any CPU
		{3881A5C4-8C58-4A6B-8199-687521A9F504}.Debug|x64.Build.0 = Debug|Any CPU
		{3881A5C4-8C58-4A6B-8199-687521A9F504}.Debug|x86.ActiveCfg = Debug|Any CPU
		{3881A5C4-8C58-4A6B-8199-687521A9F504}.Debug|x86.Build.0 = Debug|Any CPU
		{3881A5C4-8C58-4A6B-8199-687521A9F504}.Release|Any CPU.ActiveCfg = Release|Any CPU
		{3881A5C4-8C58-4A6B-8199-687521A9F504}.Release|Any CPU.Build.0 = Release|Any CPU
		{3881A5C4-8C58-4A6B-8199-687521A9F504}.Release|x64.ActiveCfg = Release|Any CPU
		{3881A5C4-8C58-4A6B-8199-687521A9F504}.Release|x64.Build.0 = Release|Any CPU
		{3881A5C4-8C58-4A6B-8199-687521A9F504}.Release|x86.ActiveCfg = Release|Any CPU
		{3881A5C4-8C58-4A6B-8199-687521A9F504}.Release|x86.Build.0 = Release|Any CPU
		{2673EBAD-0237-4084-AAED-54DE26103350}.Debug|Any CPU.ActiveCfg = Debug|Any CPU
		{2673EBAD-0237-4084-AAED-54DE26103350}.Debug|Any CPU.Build.0 = Debug|Any CPU
		{2673EBAD-0237-4084-AAED-54DE26103350}.Debug|x64.ActiveCfg = Debug|Any CPU
		{2673EBAD-0237-4084-AAED-54DE26103350}.Debug|x64.Build.0 = Debug|Any CPU
		{2673EBAD-0237-4084-AAED-54DE26103350}.Debug|x86.ActiveCfg = Debug|Any CPU
		{2673EBAD-0237-4084-AAED-54DE26103350}.Debug|x86.Build.0 = Debug|Any CPU
		{2673EBAD-0237-4084-AAED-54DE26103350}.Release|Any CPU.ActiveCfg = Release|Any CPU
		{2673EBAD-0237-4084-AAED-54DE26103350}.Release|Any CPU.Build.0 = Release|Any CPU
		{2673EBAD-0237-4084-AAED-54DE26103350}.Release|x64.ActiveCfg = Release|Any CPU
		{2673EBAD-0237-4084-AAED-54DE26103350}.Release|x64.Build.0 = Release|Any CPU
		{2673EBAD-0237-4084-AAED-54DE26103350}.Release|x86.ActiveCfg = Release|Any CPU
		{2673EBAD-0237-4084-AAED-54DE26103350}.Release|x86.Build.0 = Release|Any CPU
		{D635E1E2-0118-4FD1-93E5-71D0607EAEFE}.Debug|Any CPU.ActiveCfg = Debug|Any CPU
		{D635E1E2-0118-4FD1-93E5-71D0607EAEFE}.Debug|Any CPU.Build.0 = Debug|Any CPU
		{D635E1E2-0118-4FD1-93E5-71D0607EAEFE}.Debug|x64.ActiveCfg = Debug|Any CPU
		{D635E1E2-0118-4FD1-93E5-71D0607EAEFE}.Debug|x64.Build.0 = Debug|Any CPU
		{D635E1E2-0118-4FD1-93E5-71D0607EAEFE}.Debug|x86.ActiveCfg = Debug|Any CPU
		{D635E1E2-0118-4FD1-93E5-71D0607EAEFE}.Debug|x86.Build.0 = Debug|Any CPU
		{D635E1E2-0118-4FD1-93E5-71D0607EAEFE}.Release|Any CPU.ActiveCfg = Release|Any CPU
		{D635E1E2-0118-4FD1-93E5-71D0607EAEFE}.Release|Any CPU.Build.0 = Release|Any CPU
		{D635E1E2-0118-4FD1-93E5-71D0607EAEFE}.Release|x64.ActiveCfg = Release|Any CPU
		{D635E1E2-0118-4FD1-93E5-71D0607EAEFE}.Release|x64.Build.0 = Release|Any CPU
		{D635E1E2-0118-4FD1-93E5-71D0607EAEFE}.Release|x86.ActiveCfg = Release|Any CPU
		{D635E1E2-0118-4FD1-93E5-71D0607EAEFE}.Release|x86.Build.0 = Release|Any CPU
		{823632E2-CEFE-409C-8F75-E98C644E86AC}.Debug|Any CPU.ActiveCfg = Debug|Any CPU
		{823632E2-CEFE-409C-8F75-E98C644E86AC}.Debug|Any CPU.Build.0 = Debug|Any CPU
		{823632E2-CEFE-409C-8F75-E98C644E86AC}.Debug|x64.ActiveCfg = Debug|Any CPU
		{823632E2-CEFE-409C-8F75-E98C644E86AC}.Debug|x64.Build.0 = Debug|Any CPU
		{823632E2-CEFE-409C-8F75-E98C644E86AC}.Debug|x86.ActiveCfg = Debug|Any CPU
		{823632E2-CEFE-409C-8F75-E98C644E86AC}.Debug|x86.Build.0 = Debug|Any CPU
		{823632E2-CEFE-409C-8F75-E98C644E86AC}.Release|Any CPU.ActiveCfg = Release|Any CPU
		{823632E2-CEFE-409C-8F75-E98C644E86AC}.Release|Any CPU.Build.0 = Release|Any CPU
		{823632E2-CEFE-409C-8F75-E98C644E86AC}.Release|x64.ActiveCfg = Release|Any CPU
		{823632E2-CEFE-409C-8F75-E98C644E86AC}.Release|x64.Build.0 = Release|Any CPU
		{823632E2-CEFE-409C-8F75-E98C644E86AC}.Release|x86.ActiveCfg = Release|Any CPU
		{823632E2-CEFE-409C-8F75-E98C644E86AC}.Release|x86.Build.0 = Release|Any CPU
		{B3CA9686-773B-4A22-BAF1-895B84B47857}.Debug|Any CPU.ActiveCfg = Debug|Any CPU
		{B3CA9686-773B-4A22-BAF1-895B84B47857}.Debug|Any CPU.Build.0 = Debug|Any CPU
		{B3CA9686-773B-4A22-BAF1-895B84B47857}.Debug|x64.ActiveCfg = Debug|Any CPU
		{B3CA9686-773B-4A22-BAF1-895B84B47857}.Debug|x64.Build.0 = Debug|Any CPU
		{B3CA9686-773B-4A22-BAF1-895B84B47857}.Debug|x86.ActiveCfg = Debug|Any CPU
		{B3CA9686-773B-4A22-BAF1-895B84B47857}.Debug|x86.Build.0 = Debug|Any CPU
		{B3CA9686-773B-4A22-BAF1-895B84B47857}.Release|Any CPU.ActiveCfg = Release|Any CPU
		{B3CA9686-773B-4A22-BAF1-895B84B47857}.Release|Any CPU.Build.0 = Release|Any CPU
		{B3CA9686-773B-4A22-BAF1-895B84B47857}.Release|x64.ActiveCfg = Release|Any CPU
		{B3CA9686-773B-4A22-BAF1-895B84B47857}.Release|x64.Build.0 = Release|Any CPU
		{B3CA9686-773B-4A22-BAF1-895B84B47857}.Release|x86.ActiveCfg = Release|Any CPU
		{B3CA9686-773B-4A22-BAF1-895B84B47857}.Release|x86.Build.0 = Release|Any CPU
	EndGlobalSection
	GlobalSection(NestedProjects) = preSolution
		{CF26537E-ED92-4234-A70C-E3684BEA828E} = {61318679-1B35-40B0-9D8B-5E5E04AD0286}
		{4B2DADFA-FB25-47AC-A078-AEC669114A13} = {CF26537E-ED92-4234-A70C-E3684BEA828E}
		{9816DF1D-9BD3-43B5-9BDB-FE61014D7900} = {61318679-1B35-40B0-9D8B-5E5E04AD0286}
		{E22D37EF-2C3C-4904-9147-2B3373E07D36} = {9816DF1D-9BD3-43B5-9BDB-FE61014D7900}
		{D2462752-73EB-4F93-9235-76C62146B89D} = {E22D37EF-2C3C-4904-9147-2B3373E07D36}
		{B76A13AA-347B-40FE-949F-1ED0415C1664} = {E22D37EF-2C3C-4904-9147-2B3373E07D36}
		{24B83BF1-AC86-4EE6-A1DC-674D8626EC2A} = {E22D37EF-2C3C-4904-9147-2B3373E07D36}
		{6B4FB256-A6B8-41D5-87E6-59CB92662FD3} = {E22D37EF-2C3C-4904-9147-2B3373E07D36}
		{76354C9D-65A4-4220-8636-AB9D26611A22} = {9816DF1D-9BD3-43B5-9BDB-FE61014D7900}
		{FD69C3F1-E3A0-4805-AC16-F08E82519624} = {76354C9D-65A4-4220-8636-AB9D26611A22}
		{5889DA86-76E8-41EA-87BE-B76C322904CE} = {9816DF1D-9BD3-43B5-9BDB-FE61014D7900}
		{C1FD33AA-ABD0-492F-A132-3DCDC605643A} = {5889DA86-76E8-41EA-87BE-B76C322904CE}
		{3881A5C4-8C58-4A6B-8199-687521A9F504} = {5889DA86-76E8-41EA-87BE-B76C322904CE}
		{4F5A9350-6514-4C78-96FA-D9646AB2AE89} = {61318679-1B35-40B0-9D8B-5E5E04AD0286}
		{2673EBAD-0237-4084-AAED-54DE26103350} = {4F5A9350-6514-4C78-96FA-D9646AB2AE89}
		{D635E1E2-0118-4FD1-93E5-71D0607EAEFE} = {4F5A9350-6514-4C78-96FA-D9646AB2AE89}
		{16EC6433-13A0-4545-B0E6-F09D17ED095D} = {9816DF1D-9BD3-43B5-9BDB-FE61014D7900}
		{823632E2-CEFE-409C-8F75-E98C644E86AC} = {16EC6433-13A0-4545-B0E6-F09D17ED095D}
		{B3CA9686-773B-4A22-BAF1-895B84B47857} = {16EC6433-13A0-4545-B0E6-F09D17ED095D}
	EndGlobalSection
EndGlobal
